
Microsoft Visual Studio Solution File, Format Version 12.00
# Visual Studio 2013
VisualStudioVersion = 12.0.31101.0
MinimumVisualStudioVersion = 10.0.40219.1
Project("{FAE04EC0-301F-11D3-BF4B-00C04F79EFBC}") = "Flipper", "Flipper\Flipper.csproj", "{39BD4FCF-0DCE-4178-910E-3D411E906869}"
EndProject
Project("{FAE04EC0-301F-11D3-BF4B-00C04F79EFBC}") = "Flipper.iOS", "iOS\Flipper.iOS.csproj", "{85423851-E611-4D1E-84E6-80B70BC378D8}"
EndProject
Project("{FAE04EC0-301F-11D3-BF4B-00C04F79EFBC}") = "Flipper.Droid", "Droid\Flipper.Droid.csproj", "{48EE4794-BAAD-42DB-86A1-407244A3F656}"
EndProject
Project("{FAE04EC0-301F-11D3-BF4B-00C04F79EFBC}") = "Flipper.WinPhone", "Flipper.WinPhone\Flipper.WinPhone.csproj", "{265DB7E6-1B52-4A86-9A23-220FE9C6944F}"
EndProject
Global
	GlobalSection(SolutionConfigurationPlatforms) = preSolution
		Ad-Hoc|Any CPU = Ad-Hoc|Any CPU
		Ad-Hoc|ARM = Ad-Hoc|ARM
		Ad-Hoc|iPhone = Ad-Hoc|iPhone
		Ad-Hoc|iPhoneSimulator = Ad-Hoc|iPhoneSimulator
		Ad-Hoc|Mixed Platforms = Ad-Hoc|Mixed Platforms
		Ad-Hoc|x86 = Ad-Hoc|x86
		AppStore|Any CPU = AppStore|Any CPU
		AppStore|ARM = AppStore|ARM
		AppStore|iPhone = AppStore|iPhone
		AppStore|iPhoneSimulator = AppStore|iPhoneSimulator
		AppStore|Mixed Platforms = AppStore|Mixed Platforms
		AppStore|x86 = AppStore|x86
		Debug|Any CPU = Debug|Any CPU
		Debug|ARM = Debug|ARM
		Debug|iPhone = Debug|iPhone
		Debug|iPhoneSimulator = Debug|iPhoneSimulator
		Debug|Mixed Platforms = Debug|Mixed Platforms
		Debug|x86 = Debug|x86
		Release|Any CPU = Release|Any CPU
		Release|ARM = Release|ARM
		Release|iPhone = Release|iPhone
		Release|iPhoneSimulator = Release|iPhoneSimulator
		Release|Mixed Platforms = Release|Mixed Platforms
		Release|x86 = Release|x86
	EndGlobalSection
	GlobalSection(ProjectConfigurationPlatforms) = postSolution
		{39BD4FCF-0DCE-4178-910E-3D411E906869}.Ad-Hoc|Any CPU.ActiveCfg = Release|Any CPU
		{39BD4FCF-0DCE-4178-910E-3D411E906869}.Ad-Hoc|Any CPU.Build.0 = Release|Any CPU
		{39BD4FCF-0DCE-4178-910E-3D411E906869}.Ad-Hoc|ARM.ActiveCfg = Debug|Any CPU
		{39BD4FCF-0DCE-4178-910E-3D411E906869}.Ad-Hoc|iPhone.ActiveCfg = Debug|Any CPU
		{39BD4FCF-0DCE-4178-910E-3D411E906869}.Ad-Hoc|iPhone.Build.0 = Debug|Any CPU
		{39BD4FCF-0DCE-4178-910E-3D411E906869}.Ad-Hoc|iPhoneSimulator.ActiveCfg = Release|Any CPU
		{39BD4FCF-0DCE-4178-910E-3D411E906869}.Ad-Hoc|Mixed Platforms.ActiveCfg = Debug|Any CPU
		{39BD4FCF-0DCE-4178-910E-3D411E906869}.Ad-Hoc|Mixed Platforms.Build.0 = Debug|Any CPU
		{39BD4FCF-0DCE-4178-910E-3D411E906869}.Ad-Hoc|x86.ActiveCfg = Debug|Any CPU
		{39BD4FCF-0DCE-4178-910E-3D411E906869}.AppStore|Any CPU.ActiveCfg = Release|Any CPU
		{39BD4FCF-0DCE-4178-910E-3D411E906869}.AppStore|Any CPU.Build.0 = Release|Any CPU
		{39BD4FCF-0DCE-4178-910E-3D411E906869}.AppStore|ARM.ActiveCfg = Debug|Any CPU
		{39BD4FCF-0DCE-4178-910E-3D411E906869}.AppStore|iPhone.ActiveCfg = Debug|Any CPU
		{39BD4FCF-0DCE-4178-910E-3D411E906869}.AppStore|iPhone.Build.0 = Debug|Any CPU
		{39BD4FCF-0DCE-4178-910E-3D411E906869}.AppStore|iPhoneSimulator.ActiveCfg = Release|Any CPU
		{39BD4FCF-0DCE-4178-910E-3D411E906869}.AppStore|Mixed Platforms.ActiveCfg = Debug|Any CPU
		{39BD4FCF-0DCE-4178-910E-3D411E906869}.AppStore|Mixed Platforms.Build.0 = Debug|Any CPU
		{39BD4FCF-0DCE-4178-910E-3D411E906869}.AppStore|x86.ActiveCfg = Debug|Any CPU
		{39BD4FCF-0DCE-4178-910E-3D411E906869}.Debug|Any CPU.ActiveCfg = Debug|Any CPU
		{39BD4FCF-0DCE-4178-910E-3D411E906869}.Debug|Any CPU.Build.0 = Debug|Any CPU
		{39BD4FCF-0DCE-4178-910E-3D411E906869}.Debug|ARM.ActiveCfg = Debug|Any CPU
		{39BD4FCF-0DCE-4178-910E-3D411E906869}.Debug|iPhone.ActiveCfg = Debug|Any CPU
		{39BD4FCF-0DCE-4178-910E-3D411E906869}.Debug|iPhone.Build.0 = Debug|Any CPU
		{39BD4FCF-0DCE-4178-910E-3D411E906869}.Debug|iPhoneSimulator.ActiveCfg = Debug|Any CPU
		{39BD4FCF-0DCE-4178-910E-3D411E906869}.Debug|iPhoneSimulator.Build.0 = Debug|Any CPU
		{39BD4FCF-0DCE-4178-910E-3D411E906869}.Debug|Mixed Platforms.ActiveCfg = Debug|Any CPU
		{39BD4FCF-0DCE-4178-910E-3D411E906869}.Debug|Mixed Platforms.Build.0 = Debug|Any CPU
		{39BD4FCF-0DCE-4178-910E-3D411E906869}.Debug|x86.ActiveCfg = Debug|Any CPU
		{39BD4FCF-0DCE-4178-910E-3D411E906869}.Release|Any CPU.ActiveCfg = Release|Any CPU
		{39BD4FCF-0DCE-4178-910E-3D411E906869}.Release|Any CPU.Build.0 = Release|Any CPU
		{39BD4FCF-0DCE-4178-910E-3D411E906869}.Release|ARM.ActiveCfg = Release|Any CPU
		{39BD4FCF-0DCE-4178-910E-3D411E906869}.Release|iPhone.ActiveCfg = Release|Any CPU
		{39BD4FCF-0DCE-4178-910E-3D411E906869}.Release|iPhone.Build.0 = Release|Any CPU
		{39BD4FCF-0DCE-4178-910E-3D411E906869}.Release|iPhoneSimulator.ActiveCfg = Release|Any CPU
		{39BD4FCF-0DCE-4178-910E-3D411E906869}.Release|iPhoneSimulator.Build.0 = Release|Any CPU
		{39BD4FCF-0DCE-4178-910E-3D411E906869}.Release|Mixed Platforms.ActiveCfg = Release|Any CPU
		{39BD4FCF-0DCE-4178-910E-3D411E906869}.Release|Mixed Platforms.Build.0 = Release|Any CPU
		{39BD4FCF-0DCE-4178-910E-3D411E906869}.Release|x86.ActiveCfg = Release|Any CPU
		{85423851-E611-4D1E-84E6-80B70BC378D8}.Ad-Hoc|Any CPU.ActiveCfg = Ad-Hoc|iPhoneSimulator
		{85423851-E611-4D1E-84E6-80B70BC378D8}.Ad-Hoc|ARM.ActiveCfg = Ad-Hoc|iPhone
		{85423851-E611-4D1E-84E6-80B70BC378D8}.Ad-Hoc|iPhone.ActiveCfg = Ad-Hoc|iPhone
		{85423851-E611-4D1E-84E6-80B70BC378D8}.Ad-Hoc|iPhone.Build.0 = Ad-Hoc|iPhone
		{85423851-E611-4D1E-84E6-80B70BC378D8}.Ad-Hoc|iPhoneSimulator.ActiveCfg = Ad-Hoc|iPhoneSimulator
		{85423851-E611-4D1E-84E6-80B70BC378D8}.Ad-Hoc|iPhoneSimulator.Build.0 = Ad-Hoc|iPhoneSimulator
		{85423851-E611-4D1E-84E6-80B70BC378D8}.Ad-Hoc|Mixed Platforms.ActiveCfg = Ad-Hoc|iPhone
		{85423851-E611-4D1E-84E6-80B70BC378D8}.Ad-Hoc|Mixed Platforms.Build.0 = Ad-Hoc|iPhone
		{85423851-E611-4D1E-84E6-80B70BC378D8}.Ad-Hoc|x86.ActiveCfg = Ad-Hoc|iPhone
		{85423851-E611-4D1E-84E6-80B70BC378D8}.AppStore|Any CPU.ActiveCfg = AppStore|iPhoneSimulator
		{85423851-E611-4D1E-84E6-80B70BC378D8}.AppStore|ARM.ActiveCfg = AppStore|iPhone
		{85423851-E611-4D1E-84E6-80B70BC378D8}.AppStore|iPhone.ActiveCfg = AppStore|iPhone
		{85423851-E611-4D1E-84E6-80B70BC378D8}.AppStore|iPhone.Build.0 = AppStore|iPhone
		{85423851-E611-4D1E-84E6-80B70BC378D8}.AppStore|iPhoneSimulator.ActiveCfg = AppStore|iPhoneSimulator
		{85423851-E611-4D1E-84E6-80B70BC378D8}.AppStore|iPhoneSimulator.Build.0 = AppStore|iPhoneSimulator
		{85423851-E611-4D1E-84E6-80B70BC378D8}.AppStore|Mixed Platforms.ActiveCfg = AppStore|iPhone
		{85423851-E611-4D1E-84E6-80B70BC378D8}.AppStore|Mixed Platforms.Build.0 = AppStore|iPhone
		{85423851-E611-4D1E-84E6-80B70BC378D8}.AppStore|x86.ActiveCfg = AppStore|iPhone
		{85423851-E611-4D1E-84E6-80B70BC378D8}.Debug|Any CPU.ActiveCfg = Debug|iPhoneSimulator
		{85423851-E611-4D1E-84E6-80B70BC378D8}.Debug|Any CPU.Build.0 = Debug|iPhoneSimulator
		{85423851-E611-4D1E-84E6-80B70BC378D8}.Debug|ARM.ActiveCfg = Debug|iPhone
		{85423851-E611-4D1E-84E6-80B70BC378D8}.Debug|iPhone.ActiveCfg = Debug|iPhone
		{85423851-E611-4D1E-84E6-80B70BC378D8}.Debug|iPhone.Build.0 = Debug|iPhone
		{85423851-E611-4D1E-84E6-80B70BC378D8}.Debug|iPhoneSimulator.ActiveCfg = Debug|iPhoneSimulator
		{85423851-E611-4D1E-84E6-80B70BC378D8}.Debug|iPhoneSimulator.Build.0 = Debug|iPhoneSimulator
		{85423851-E611-4D1E-84E6-80B70BC378D8}.Debug|Mixed Platforms.ActiveCfg = Debug|iPhone
		{85423851-E611-4D1E-84E6-80B70BC378D8}.Debug|Mixed Platforms.Build.0 = Debug|iPhone
		{85423851-E611-4D1E-84E6-80B70BC378D8}.Debug|x86.ActiveCfg = Debug|iPhone
		{85423851-E611-4D1E-84E6-80B70BC378D8}.Release|Any CPU.ActiveCfg = Release|iPhoneSimulator
		{85423851-E611-4D1E-84E6-80B70BC378D8}.Release|Any CPU.Build.0 = Release|iPhoneSimulator
		{85423851-E611-4D1E-84E6-80B70BC378D8}.Release|ARM.ActiveCfg = Release|iPhone
		{85423851-E611-4D1E-84E6-80B70BC378D8}.Release|iPhone.ActiveCfg = Release|iPhone
		{85423851-E611-4D1E-84E6-80B70BC378D8}.Release|iPhone.Build.0 = Release|iPhone
		{85423851-E611-4D1E-84E6-80B70BC378D8}.Release|iPhoneSimulator.ActiveCfg = Release|iPhoneSimulator
		{85423851-E611-4D1E-84E6-80B70BC378D8}.Release|iPhoneSimulator.Build.0 = Release|iPhoneSimulator
		{85423851-E611-4D1E-84E6-80B70BC378D8}.Release|Mixed Platforms.ActiveCfg = Release|iPhone
		{85423851-E611-4D1E-84E6-80B70BC378D8}.Release|Mixed Platforms.Build.0 = Release|iPhone
		{85423851-E611-4D1E-84E6-80B70BC378D8}.Release|x86.ActiveCfg = Release|iPhone
		{48EE4794-BAAD-42DB-86A1-407244A3F656}.Ad-Hoc|Any CPU.ActiveCfg = Debug|Any CPU
		{48EE4794-BAAD-42DB-86A1-407244A3F656}.Ad-Hoc|Any CPU.Build.0 = Debug|Any CPU
		{48EE4794-BAAD-42DB-86A1-407244A3F656}.Ad-Hoc|Any CPU.Deploy.0 = Debug|Any CPU
		{48EE4794-BAAD-42DB-86A1-407244A3F656}.Ad-Hoc|ARM.ActiveCfg = Release|Any CPU
		{48EE4794-BAAD-42DB-86A1-407244A3F656}.Ad-Hoc|iPhone.ActiveCfg = Release|Any CPU
		{48EE4794-BAAD-42DB-86A1-407244A3F656}.Ad-Hoc|iPhone.Build.0 = Release|Any CPU
		{48EE4794-BAAD-42DB-86A1-407244A3F656}.Ad-Hoc|iPhoneSimulator.ActiveCfg = Debug|Any CPU
		{48EE4794-BAAD-42DB-86A1-407244A3F656}.Ad-Hoc|Mixed Platforms.ActiveCfg = Release|Any CPU
		{48EE4794-BAAD-42DB-86A1-407244A3F656}.Ad-Hoc|Mixed Platforms.Build.0 = Release|Any CPU
		{48EE4794-BAAD-42DB-86A1-407244A3F656}.Ad-Hoc|Mixed Platforms.Deploy.0 = Release|Any CPU
		{48EE4794-BAAD-42DB-86A1-407244A3F656}.Ad-Hoc|x86.ActiveCfg = Release|Any CPU
		{48EE4794-BAAD-42DB-86A1-407244A3F656}.AppStore|Any CPU.ActiveCfg = Debug|Any CPU
		{48EE4794-BAAD-42DB-86A1-407244A3F656}.AppStore|Any CPU.Build.0 = Debug|Any CPU
		{48EE4794-BAAD-42DB-86A1-407244A3F656}.AppStore|Any CPU.Deploy.0 = Debug|Any CPU
		{48EE4794-BAAD-42DB-86A1-407244A3F656}.AppStore|ARM.ActiveCfg = Release|Any CPU
		{48EE4794-BAAD-42DB-86A1-407244A3F656}.AppStore|iPhone.ActiveCfg = Release|Any CPU
		{48EE4794-BAAD-42DB-86A1-407244A3F656}.AppStore|iPhone.Build.0 = Release|Any CPU
		{48EE4794-BAAD-42DB-86A1-407244A3F656}.AppStore|iPhoneSimulator.ActiveCfg = Debug|Any CPU
		{48EE4794-BAAD-42DB-86A1-407244A3F656}.AppStore|Mixed Platforms.ActiveCfg = Release|Any CPU
		{48EE4794-BAAD-42DB-86A1-407244A3F656}.AppStore|Mixed Platforms.Build.0 = Release|Any CPU
		{48EE4794-BAAD-42DB-86A1-407244A3F656}.AppStore|Mixed Platforms.Deploy.0 = Release|Any CPU
		{48EE4794-BAAD-42DB-86A1-407244A3F656}.AppStore|x86.ActiveCfg = Release|Any CPU
		{48EE4794-BAAD-42DB-86A1-407244A3F656}.Debug|Any CPU.ActiveCfg = Debug|Any CPU
		{48EE4794-BAAD-42DB-86A1-407244A3F656}.Debug|Any CPU.Build.0 = Debug|Any CPU
		{48EE4794-BAAD-42DB-86A1-407244A3F656}.Debug|ARM.ActiveCfg = Debug|Any CPU
		{48EE4794-BAAD-42DB-86A1-407244A3F656}.Debug|iPhone.ActiveCfg = Debug|Any CPU
		{48EE4794-BAAD-42DB-86A1-407244A3F656}.Debug|iPhone.Build.0 = Debug|Any CPU
		{48EE4794-BAAD-42DB-86A1-407244A3F656}.Debug|iPhoneSimulator.ActiveCfg = Debug|Any CPU
		{48EE4794-BAAD-42DB-86A1-407244A3F656}.Debug|iPhoneSimulator.Build.0 = Debug|Any CPU
		{48EE4794-BAAD-42DB-86A1-407244A3F656}.Debug|Mixed Platforms.ActiveCfg = Debug|Any CPU
		{48EE4794-BAAD-42DB-86A1-407244A3F656}.Debug|Mixed Platforms.Build.0 = Debug|Any CPU
		{48EE4794-BAAD-42DB-86A1-407244A3F656}.Debug|Mixed Platforms.Deploy.0 = Debug|Any CPU
		{48EE4794-BAAD-42DB-86A1-407244A3F656}.Debug|x86.ActiveCfg = Debug|Any CPU
		{48EE4794-BAAD-42DB-86A1-407244A3F656}.Release|Any CPU.ActiveCfg = Release|Any CPU
		{48EE4794-BAAD-42DB-86A1-407244A3F656}.Release|Any CPU.Build.0 = Release|Any CPU
		{48EE4794-BAAD-42DB-86A1-407244A3F656}.Release|ARM.ActiveCfg = Release|Any CPU
		{48EE4794-BAAD-42DB-86A1-407244A3F656}.Release|iPhone.ActiveCfg = Release|Any CPU
		{48EE4794-BAAD-42DB-86A1-407244A3F656}.Release|iPhone.Build.0 = Release|Any CPU
		{48EE4794-BAAD-42DB-86A1-407244A3F656}.Release|iPhoneSimulator.ActiveCfg = Release|Any CPU
		{48EE4794-BAAD-42DB-86A1-407244A3F656}.Release|iPhoneSimulator.Build.0 = Release|Any CPU
		{48EE4794-BAAD-42DB-86A1-407244A3F656}.Release|Mixed Platforms.ActiveCfg = Release|Any CPU
		{48EE4794-BAAD-42DB-86A1-407244A3F656}.Release|Mixed Platforms.Build.0 = Release|Any CPU
		{48EE4794-BAAD-42DB-86A1-407244A3F656}.Release|Mixed Platforms.Deploy.0 = Release|Any CPU
		{48EE4794-BAAD-42DB-86A1-407244A3F656}.Release|x86.ActiveCfg = Release|Any CPU
		{265DB7E6-1B52-4A86-9A23-220FE9C6944F}.Ad-Hoc|Any CPU.ActiveCfg = Release|Any CPU
		{265DB7E6-1B52-4A86-9A23-220FE9C6944F}.Ad-Hoc|Any CPU.Build.0 = Release|Any CPU
		{265DB7E6-1B52-4A86-9A23-220FE9C6944F}.Ad-Hoc|Any CPU.Deploy.0 = Release|Any CPU
		{265DB7E6-1B52-4A86-9A23-220FE9C6944F}.Ad-Hoc|ARM.ActiveCfg = Release|ARM
		{265DB7E6-1B52-4A86-9A23-220FE9C6944F}.Ad-Hoc|ARM.Build.0 = Release|ARM
		{265DB7E6-1B52-4A86-9A23-220FE9C6944F}.Ad-Hoc|ARM.Deploy.0 = Release|ARM
		{265DB7E6-1B52-4A86-9A23-220FE9C6944F}.Ad-Hoc|iPhone.ActiveCfg = Release|Any CPU
		{265DB7E6-1B52-4A86-9A23-220FE9C6944F}.Ad-Hoc|iPhoneSimulator.ActiveCfg = Release|Any CPU
		{265DB7E6-1B52-4A86-9A23-220FE9C6944F}.Ad-Hoc|Mixed Platforms.ActiveCfg = Release|x86
		{265DB7E6-1B52-4A86-9A23-220FE9C6944F}.Ad-Hoc|Mixed Platforms.Build.0 = Release|x86
		{265DB7E6-1B52-4A86-9A23-220FE9C6944F}.Ad-Hoc|Mixed Platforms.Deploy.0 = Release|x86
		{265DB7E6-1B52-4A86-9A23-220FE9C6944F}.Ad-Hoc|x86.ActiveCfg = Release|x86
		{265DB7E6-1B52-4A86-9A23-220FE9C6944F}.Ad-Hoc|x86.Build.0 = Release|x86
		{265DB7E6-1B52-4A86-9A23-220FE9C6944F}.Ad-Hoc|x86.Deploy.0 = Release|x86
		{265DB7E6-1B52-4A86-9A23-220FE9C6944F}.AppStore|Any CPU.ActiveCfg = Release|Any CPU
		{265DB7E6-1B52-4A86-9A23-220FE9C6944F}.AppStore|Any CPU.Build.0 = Release|Any CPU
		{265DB7E6-1B52-4A86-9A23-220FE9C6944F}.AppStore|Any CPU.Deploy.0 = Release|Any CPU
		{265DB7E6-1B52-4A86-9A23-220FE9C6944F}.AppStore|ARM.ActiveCfg = Release|ARM
		{265DB7E6-1B52-4A86-9A23-220FE9C6944F}.AppStore|ARM.Build.0 = Release|ARM
		{265DB7E6-1B52-4A86-9A23-220FE9C6944F}.AppStore|ARM.Deploy.0 = Release|ARM
		{265DB7E6-1B52-4A86-9A23-220FE9C6944F}.AppStore|iPhone.ActiveCfg = Release|Any CPU
		{265DB7E6-1B52-4A86-9A23-220FE9C6944F}.AppStore|iPhoneSimulator.ActiveCfg = Release|Any CPU
		{265DB7E6-1B52-4A86-9A23-220FE9C6944F}.AppStore|Mixed Platforms.ActiveCfg = Release|x86
		{265DB7E6-1B52-4A86-9A23-220FE9C6944F}.AppStore|Mixed Platforms.Build.0 = Release|x86
		{265DB7E6-1B52-4A86-9A23-220FE9C6944F}.AppStore|Mixed Platforms.Deploy.0 = Release|x86
		{265DB7E6-1B52-4A86-9A23-220FE9C6944F}.AppStore|x86.ActiveCfg = Release|x86
		{265DB7E6-1B52-4A86-9A23-220FE9C6944F}.AppStore|x86.Build.0 = Release|x86
		{265DB7E6-1B52-4A86-9A23-220FE9C6944F}.AppStore|x86.Deploy.0 = Release|x86
		{265DB7E6-1B52-4A86-9A23-220FE9C6944F}.Debug|Any CPU.ActiveCfg = Debug|Any CPU
		{265DB7E6-1B52-4A86-9A23-220FE9C6944F}.Debug|Any CPU.Build.0 = Debug|Any CPU
		{265DB7E6-1B52-4A86-9A23-220FE9C6944F}.Debug|Any CPU.Deploy.0 = Debug|Any CPU
		{265DB7E6-1B52-4A86-9A23-220FE9C6944F}.Debug|ARM.ActiveCfg = Debug|ARM
		{265DB7E6-1B52-4A86-9A23-220FE9C6944F}.Debug|ARM.Build.0 = Debug|ARM
		{265DB7E6-1B52-4A86-9A23-220FE9C6944F}.Debug|ARM.Deploy.0 = Debug|ARM
		{265DB7E6-1B52-4A86-9A23-220FE9C6944F}.Debug|iPhone.ActiveCfg = Debug|Any CPU
		{265DB7E6-1B52-4A86-9A23-220FE9C6944F}.Debug|iPhoneSimulator.ActiveCfg = Debug|Any CPU
		{265DB7E6-1B52-4A86-9A23-220FE9C6944F}.Debug|Mixed Platforms.ActiveCfg = Debug|x86
		{265DB7E6-1B52-4A86-9A23-220FE9C6944F}.Debug|Mixed Platforms.Build.0 = Debug|x86
		{265DB7E6-1B52-4A86-9A23-220FE9C6944F}.Debug|Mixed Platforms.Deploy.0 = Debug|x86
		{265DB7E6-1B52-4A86-9A23-220FE9C6944F}.Debug|x86.ActiveCfg = Debug|x86
		{265DB7E6-1B52-4A86-9A23-220FE9C6944F}.Debug|x86.Build.0 = Debug|x86
		{265DB7E6-1B52-4A86-9A23-220FE9C6944F}.Debug|x86.Deploy.0 = Debug|x86
		{265DB7E6-1B52-4A86-9A23-220FE9C6944F}.Release|Any CPU.ActiveCfg = Release|Any CPU
		{265DB7E6-1B52-4A86-9A23-220FE9C6944F}.Release|Any CPU.Build.0 = Release|Any CPU
		{265DB7E6-1B52-4A86-9A23-220FE9C6944F}.Release|Any CPU.Deploy.0 = Release|Any CPU
		{265DB7E6-1B52-4A86-9A23-220FE9C6944F}.Release|ARM.ActiveCfg = Release|ARM
		{265DB7E6-1B52-4A86-9A23-220FE9C6944F}.Release|ARM.Build.0 = Release|ARM
		{265DB7E6-1B52-4A86-9A23-220FE9C6944F}.Release|ARM.Deploy.0 = Release|ARM
		{265DB7E6-1B52-4A86-9A23-220FE9C6944F}.Release|iPhone.ActiveCfg = Release|Any CPU
		{265DB7E6-1B52-4A86-9A23-220FE9C6944F}.Release|iPhoneSimulator.ActiveCfg = Release|Any CPU
		{265DB7E6-1B52-4A86-9A23-220FE9C6944F}.Release|Mixed Platforms.ActiveCfg = Release|x86
		{265DB7E6-1B52-4A86-9A23-220FE9C6944F}.Release|Mixed Platforms.Build.0 = Release|x86
		{265DB7E6-1B52-4A86-9A23-220FE9C6944F}.Release|Mixed Platforms.Deploy.0 = Release|x86
		{265DB7E6-1B52-4A86-9A23-220FE9C6944F}.Release|x86.ActiveCfg = Release|x86
		{265DB7E6-1B52-4A86-9A23-220FE9C6944F}.Release|x86.Build.0 = Release|x86
		{265DB7E6-1B52-4A86-9A23-220FE9C6944F}.Release|x86.Deploy.0 = Release|x86
	EndGlobalSection
	GlobalSection(SolutionProperties) = preSolution
		HideSolutionNode = FALSE
	EndGlobalSection
EndGlobal
