
Microsoft Visual Studio Solution File, Format Version 12.00
# Visual Studio 2013
VisualStudioVersion = 12.0.31101.0
MinimumVisualStudioVersion = 10.0.40219.1
Project("{FAE04EC0-301F-11D3-BF4B-00C04F79EFBC}") = "Flipper", "Flipper\Flipper.csproj", "{39BD4FCF-0DCE-4178-910E-3D411E906869}"
EndProject
Project("{FAE04EC0-301F-11D3-BF4B-00C04F79EFBC}") = "Flipper.iOS", "iOS\Flipper.iOS.csproj", "{85423851-E611-4D1E-84E6-80B70BC378D8}"
EndProject
Project("{2150E333-8FDC-42A3-9474-1A3956D46DE8}") = "Samples", "Samples", "{37C24265-4452-47D4-BF78-E5E180E3FB93}"
EndProject
Project("{FAE04EC0-301F-11D3-BF4B-00C04F79EFBC}") = "Flipper.Sample", "Flipper.Sample\Flipper.Sample\Flipper.Sample.csproj", "{AD3C646D-0C3B-4183-8366-241F6F9F2904}"
EndProject
Project("{FAE04EC0-301F-11D3-BF4B-00C04F79EFBC}") = "Flipper.Sample.iOS", "Flipper.Sample\Flipper.Sample.iOS\Flipper.Sample.iOS.csproj", "{30FE4ACE-5A80-4BD0-832F-E0D3894C58C4}"
EndProject
Project("{FAE04EC0-301F-11D3-BF4B-00C04F79EFBC}") = "Flipper.Sample.Droid", "Flipper.Sample\Flipper.Sample.Droid\Flipper.Sample.Droid.csproj", "{7C6959D6-1C57-401E-B0AC-EFEBF2704B53}"
EndProject
Project("{FAE04EC0-301F-11D3-BF4B-00C04F79EFBC}") = "Flipper.Sample.WinPhone", "Flipper.Sample\Flipper.Sample.WinPhone\Flipper.Sample.WinPhone.csproj", "{9FF03912-5CB6-43F0-B52E-292536093005}"
EndProject
Project("{FAE04EC0-301F-11D3-BF4B-00C04F79EFBC}") = "Flipper.WinPhone", "Flipper.WinPhone\Flipper.WinPhone.csproj", "{FBBB0842-572E-4EE8-AC4E-520DDC4FE7A7}"
EndProject
Project("{FAE04EC0-301F-11D3-BF4B-00C04F79EFBC}") = "Flipper.Droid", "Flipper.Droid\Flipper.Droid.csproj", "{21CBEA92-614E-401F-8FB8-18ADF19920DB}"
EndProject
Project("{2150E333-8FDC-42A3-9474-1A3956D46DE8}") = "Nuget", "Nuget", "{10D13C17-7A2C-4BEB-BA65-D74B73BCCD0E}"
	ProjectSection(SolutionItems) = preProject
		nuget\Flipper.Forms.1.0.0-pre1.nupkg = nuget\Flipper.Forms.1.0.0-pre1.nupkg
		nuget\Flipper.Forms.1.0.0-pre2.nupkg = nuget\Flipper.Forms.1.0.0-pre2.nupkg
	EndProjectSection
EndProject
Global
	GlobalSection(SolutionConfigurationPlatforms) = preSolution
		Ad-Hoc|Any CPU = Ad-Hoc|Any CPU
		Ad-Hoc|ARM = Ad-Hoc|ARM
		Ad-Hoc|iPhone = Ad-Hoc|iPhone
		Ad-Hoc|iPhoneSimulator = Ad-Hoc|iPhoneSimulator
		Ad-Hoc|Mixed Platforms = Ad-Hoc|Mixed Platforms
		Ad-Hoc|x86 = Ad-Hoc|x86
		AppStore|Any CPU = AppStore|Any CPU
		AppStore|ARM = AppStore|ARM
		AppStore|iPhone = AppStore|iPhone
		AppStore|iPhoneSimulator = AppStore|iPhoneSimulator
		AppStore|Mixed Platforms = AppStore|Mixed Platforms
		AppStore|x86 = AppStore|x86
		Debug|Any CPU = Debug|Any CPU
		Debug|ARM = Debug|ARM
		Debug|iPhone = Debug|iPhone
		Debug|iPhoneSimulator = Debug|iPhoneSimulator
		Debug|Mixed Platforms = Debug|Mixed Platforms
		Debug|x86 = Debug|x86
		Release|Any CPU = Release|Any CPU
		Release|ARM = Release|ARM
		Release|iPhone = Release|iPhone
		Release|iPhoneSimulator = Release|iPhoneSimulator
		Release|Mixed Platforms = Release|Mixed Platforms
		Release|x86 = Release|x86
	EndGlobalSection
	GlobalSection(ProjectConfigurationPlatforms) = postSolution
		{39BD4FCF-0DCE-4178-910E-3D411E906869}.Ad-Hoc|Any CPU.ActiveCfg = Release|Any CPU
		{39BD4FCF-0DCE-4178-910E-3D411E906869}.Ad-Hoc|Any CPU.Build.0 = Release|Any CPU
		{39BD4FCF-0DCE-4178-910E-3D411E906869}.Ad-Hoc|ARM.ActiveCfg = Debug|Any CPU
		{39BD4FCF-0DCE-4178-910E-3D411E906869}.Ad-Hoc|iPhone.ActiveCfg = Debug|Any CPU
		{39BD4FCF-0DCE-4178-910E-3D411E906869}.Ad-Hoc|iPhone.Build.0 = Debug|Any CPU
		{39BD4FCF-0DCE-4178-910E-3D411E906869}.Ad-Hoc|iPhoneSimulator.ActiveCfg = Release|Any CPU
		{39BD4FCF-0DCE-4178-910E-3D411E906869}.Ad-Hoc|Mixed Platforms.ActiveCfg = Debug|Any CPU
		{39BD4FCF-0DCE-4178-910E-3D411E906869}.Ad-Hoc|Mixed Platforms.Build.0 = Debug|Any CPU
		{39BD4FCF-0DCE-4178-910E-3D411E906869}.Ad-Hoc|x86.ActiveCfg = Debug|Any CPU
		{39BD4FCF-0DCE-4178-910E-3D411E906869}.AppStore|Any CPU.ActiveCfg = Release|Any CPU
		{39BD4FCF-0DCE-4178-910E-3D411E906869}.AppStore|Any CPU.Build.0 = Release|Any CPU
		{39BD4FCF-0DCE-4178-910E-3D411E906869}.AppStore|ARM.ActiveCfg = Debug|Any CPU
		{39BD4FCF-0DCE-4178-910E-3D411E906869}.AppStore|iPhone.ActiveCfg = Debug|Any CPU
		{39BD4FCF-0DCE-4178-910E-3D411E906869}.AppStore|iPhone.Build.0 = Debug|Any CPU
		{39BD4FCF-0DCE-4178-910E-3D411E906869}.AppStore|iPhoneSimulator.ActiveCfg = Release|Any CPU
		{39BD4FCF-0DCE-4178-910E-3D411E906869}.AppStore|Mixed Platforms.ActiveCfg = Debug|Any CPU
		{39BD4FCF-0DCE-4178-910E-3D411E906869}.AppStore|Mixed Platforms.Build.0 = Debug|Any CPU
		{39BD4FCF-0DCE-4178-910E-3D411E906869}.AppStore|x86.ActiveCfg = Debug|Any CPU
		{39BD4FCF-0DCE-4178-910E-3D411E906869}.Debug|Any CPU.ActiveCfg = Debug|Any CPU
		{39BD4FCF-0DCE-4178-910E-3D411E906869}.Debug|Any CPU.Build.0 = Debug|Any CPU
		{39BD4FCF-0DCE-4178-910E-3D411E906869}.Debug|ARM.ActiveCfg = Debug|Any CPU
		{39BD4FCF-0DCE-4178-910E-3D411E906869}.Debug|iPhone.ActiveCfg = Debug|Any CPU
		{39BD4FCF-0DCE-4178-910E-3D411E906869}.Debug|iPhone.Build.0 = Debug|Any CPU
		{39BD4FCF-0DCE-4178-910E-3D411E906869}.Debug|iPhoneSimulator.ActiveCfg = Debug|Any CPU
		{39BD4FCF-0DCE-4178-910E-3D411E906869}.Debug|iPhoneSimulator.Build.0 = Debug|Any CPU
		{39BD4FCF-0DCE-4178-910E-3D411E906869}.Debug|Mixed Platforms.ActiveCfg = Debug|Any CPU
		{39BD4FCF-0DCE-4178-910E-3D411E906869}.Debug|Mixed Platforms.Build.0 = Debug|Any CPU
		{39BD4FCF-0DCE-4178-910E-3D411E906869}.Debug|x86.ActiveCfg = Debug|Any CPU
		{39BD4FCF-0DCE-4178-910E-3D411E906869}.Release|Any CPU.ActiveCfg = Release|Any CPU
		{39BD4FCF-0DCE-4178-910E-3D411E906869}.Release|Any CPU.Build.0 = Release|Any CPU
		{39BD4FCF-0DCE-4178-910E-3D411E906869}.Release|ARM.ActiveCfg = Release|Any CPU
		{39BD4FCF-0DCE-4178-910E-3D411E906869}.Release|iPhone.ActiveCfg = Release|Any CPU
		{39BD4FCF-0DCE-4178-910E-3D411E906869}.Release|iPhone.Build.0 = Release|Any CPU
		{39BD4FCF-0DCE-4178-910E-3D411E906869}.Release|iPhoneSimulator.ActiveCfg = Release|Any CPU
		{39BD4FCF-0DCE-4178-910E-3D411E906869}.Release|iPhoneSimulator.Build.0 = Release|Any CPU
		{39BD4FCF-0DCE-4178-910E-3D411E906869}.Release|Mixed Platforms.ActiveCfg = Release|Any CPU
		{39BD4FCF-0DCE-4178-910E-3D411E906869}.Release|Mixed Platforms.Build.0 = Release|Any CPU
		{39BD4FCF-0DCE-4178-910E-3D411E906869}.Release|x86.ActiveCfg = Release|Any CPU
		{85423851-E611-4D1E-84E6-80B70BC378D8}.Ad-Hoc|Any CPU.ActiveCfg = Ad-Hoc|iPhoneSimulator
		{85423851-E611-4D1E-84E6-80B70BC378D8}.Ad-Hoc|ARM.ActiveCfg = Ad-Hoc|iPhone
		{85423851-E611-4D1E-84E6-80B70BC378D8}.Ad-Hoc|iPhone.ActiveCfg = Ad-Hoc|iPhone
		{85423851-E611-4D1E-84E6-80B70BC378D8}.Ad-Hoc|iPhone.Build.0 = Ad-Hoc|iPhone
		{85423851-E611-4D1E-84E6-80B70BC378D8}.Ad-Hoc|iPhoneSimulator.ActiveCfg = Ad-Hoc|iPhoneSimulator
		{85423851-E611-4D1E-84E6-80B70BC378D8}.Ad-Hoc|iPhoneSimulator.Build.0 = Ad-Hoc|iPhoneSimulator
		{85423851-E611-4D1E-84E6-80B70BC378D8}.Ad-Hoc|Mixed Platforms.ActiveCfg = Ad-Hoc|iPhone
		{85423851-E611-4D1E-84E6-80B70BC378D8}.Ad-Hoc|Mixed Platforms.Build.0 = Ad-Hoc|iPhone
		{85423851-E611-4D1E-84E6-80B70BC378D8}.Ad-Hoc|x86.ActiveCfg = Ad-Hoc|iPhone
		{85423851-E611-4D1E-84E6-80B70BC378D8}.AppStore|Any CPU.ActiveCfg = AppStore|iPhoneSimulator
		{85423851-E611-4D1E-84E6-80B70BC378D8}.AppStore|ARM.ActiveCfg = AppStore|iPhone
		{85423851-E611-4D1E-84E6-80B70BC378D8}.AppStore|iPhone.ActiveCfg = AppStore|iPhone
		{85423851-E611-4D1E-84E6-80B70BC378D8}.AppStore|iPhone.Build.0 = AppStore|iPhone
		{85423851-E611-4D1E-84E6-80B70BC378D8}.AppStore|iPhoneSimulator.ActiveCfg = AppStore|iPhoneSimulator
		{85423851-E611-4D1E-84E6-80B70BC378D8}.AppStore|iPhoneSimulator.Build.0 = AppStore|iPhoneSimulator
		{85423851-E611-4D1E-84E6-80B70BC378D8}.AppStore|Mixed Platforms.ActiveCfg = AppStore|iPhone
		{85423851-E611-4D1E-84E6-80B70BC378D8}.AppStore|Mixed Platforms.Build.0 = AppStore|iPhone
		{85423851-E611-4D1E-84E6-80B70BC378D8}.AppStore|x86.ActiveCfg = AppStore|iPhone
		{85423851-E611-4D1E-84E6-80B70BC378D8}.Debug|Any CPU.ActiveCfg = Debug|iPhoneSimulator
		{85423851-E611-4D1E-84E6-80B70BC378D8}.Debug|Any CPU.Build.0 = Debug|iPhoneSimulator
		{85423851-E611-4D1E-84E6-80B70BC378D8}.Debug|ARM.ActiveCfg = Debug|iPhone
		{85423851-E611-4D1E-84E6-80B70BC378D8}.Debug|iPhone.ActiveCfg = Debug|iPhone
		{85423851-E611-4D1E-84E6-80B70BC378D8}.Debug|iPhone.Build.0 = Debug|iPhone
		{85423851-E611-4D1E-84E6-80B70BC378D8}.Debug|iPhoneSimulator.ActiveCfg = Debug|iPhoneSimulator
		{85423851-E611-4D1E-84E6-80B70BC378D8}.Debug|iPhoneSimulator.Build.0 = Debug|iPhoneSimulator
		{85423851-E611-4D1E-84E6-80B70BC378D8}.Debug|Mixed Platforms.ActiveCfg = Debug|iPhone
		{85423851-E611-4D1E-84E6-80B70BC378D8}.Debug|Mixed Platforms.Build.0 = Debug|iPhone
		{85423851-E611-4D1E-84E6-80B70BC378D8}.Debug|x86.ActiveCfg = Debug|iPhone
		{85423851-E611-4D1E-84E6-80B70BC378D8}.Release|Any CPU.ActiveCfg = Release|iPhoneSimulator
		{85423851-E611-4D1E-84E6-80B70BC378D8}.Release|Any CPU.Build.0 = Release|iPhoneSimulator
		{85423851-E611-4D1E-84E6-80B70BC378D8}.Release|ARM.ActiveCfg = Release|iPhone
		{85423851-E611-4D1E-84E6-80B70BC378D8}.Release|iPhone.ActiveCfg = Release|iPhone
		{85423851-E611-4D1E-84E6-80B70BC378D8}.Release|iPhone.Build.0 = Release|iPhone
		{85423851-E611-4D1E-84E6-80B70BC378D8}.Release|iPhoneSimulator.ActiveCfg = Release|iPhoneSimulator
		{85423851-E611-4D1E-84E6-80B70BC378D8}.Release|iPhoneSimulator.Build.0 = Release|iPhoneSimulator
		{85423851-E611-4D1E-84E6-80B70BC378D8}.Release|Mixed Platforms.ActiveCfg = Release|iPhone
		{85423851-E611-4D1E-84E6-80B70BC378D8}.Release|Mixed Platforms.Build.0 = Release|iPhone
		{85423851-E611-4D1E-84E6-80B70BC378D8}.Release|x86.ActiveCfg = Release|iPhone
		{AD3C646D-0C3B-4183-8366-241F6F9F2904}.Ad-Hoc|Any CPU.ActiveCfg = Release|Any CPU
		{AD3C646D-0C3B-4183-8366-241F6F9F2904}.Ad-Hoc|Any CPU.Build.0 = Release|Any CPU
		{AD3C646D-0C3B-4183-8366-241F6F9F2904}.Ad-Hoc|ARM.ActiveCfg = Release|Any CPU
		{AD3C646D-0C3B-4183-8366-241F6F9F2904}.Ad-Hoc|iPhone.ActiveCfg = Release|Any CPU
		{AD3C646D-0C3B-4183-8366-241F6F9F2904}.Ad-Hoc|iPhoneSimulator.ActiveCfg = Release|Any CPU
		{AD3C646D-0C3B-4183-8366-241F6F9F2904}.Ad-Hoc|Mixed Platforms.ActiveCfg = Release|Any CPU
		{AD3C646D-0C3B-4183-8366-241F6F9F2904}.Ad-Hoc|Mixed Platforms.Build.0 = Release|Any CPU
		{AD3C646D-0C3B-4183-8366-241F6F9F2904}.Ad-Hoc|x86.ActiveCfg = Release|Any CPU
		{AD3C646D-0C3B-4183-8366-241F6F9F2904}.AppStore|Any CPU.ActiveCfg = Release|Any CPU
		{AD3C646D-0C3B-4183-8366-241F6F9F2904}.AppStore|Any CPU.Build.0 = Release|Any CPU
		{AD3C646D-0C3B-4183-8366-241F6F9F2904}.AppStore|ARM.ActiveCfg = Release|Any CPU
		{AD3C646D-0C3B-4183-8366-241F6F9F2904}.AppStore|iPhone.ActiveCfg = Release|Any CPU
		{AD3C646D-0C3B-4183-8366-241F6F9F2904}.AppStore|iPhoneSimulator.ActiveCfg = Release|Any CPU
		{AD3C646D-0C3B-4183-8366-241F6F9F2904}.AppStore|Mixed Platforms.ActiveCfg = Release|Any CPU
		{AD3C646D-0C3B-4183-8366-241F6F9F2904}.AppStore|Mixed Platforms.Build.0 = Release|Any CPU
		{AD3C646D-0C3B-4183-8366-241F6F9F2904}.AppStore|x86.ActiveCfg = Release|Any CPU
		{AD3C646D-0C3B-4183-8366-241F6F9F2904}.Debug|Any CPU.ActiveCfg = Debug|Any CPU
		{AD3C646D-0C3B-4183-8366-241F6F9F2904}.Debug|Any CPU.Build.0 = Debug|Any CPU
		{AD3C646D-0C3B-4183-8366-241F6F9F2904}.Debug|ARM.ActiveCfg = Debug|Any CPU
		{AD3C646D-0C3B-4183-8366-241F6F9F2904}.Debug|iPhone.ActiveCfg = Debug|Any CPU
		{AD3C646D-0C3B-4183-8366-241F6F9F2904}.Debug|iPhoneSimulator.ActiveCfg = Debug|Any CPU
		{AD3C646D-0C3B-4183-8366-241F6F9F2904}.Debug|iPhoneSimulator.Build.0 = Debug|Any CPU
		{AD3C646D-0C3B-4183-8366-241F6F9F2904}.Debug|Mixed Platforms.ActiveCfg = Debug|Any CPU
		{AD3C646D-0C3B-4183-8366-241F6F9F2904}.Debug|Mixed Platforms.Build.0 = Debug|Any CPU
		{AD3C646D-0C3B-4183-8366-241F6F9F2904}.Debug|x86.ActiveCfg = Debug|Any CPU
		{AD3C646D-0C3B-4183-8366-241F6F9F2904}.Release|Any CPU.ActiveCfg = Release|Any CPU
		{AD3C646D-0C3B-4183-8366-241F6F9F2904}.Release|Any CPU.Build.0 = Release|Any CPU
		{AD3C646D-0C3B-4183-8366-241F6F9F2904}.Release|ARM.ActiveCfg = Release|Any CPU
		{AD3C646D-0C3B-4183-8366-241F6F9F2904}.Release|iPhone.ActiveCfg = Release|Any CPU
		{AD3C646D-0C3B-4183-8366-241F6F9F2904}.Release|iPhoneSimulator.ActiveCfg = Release|Any CPU
		{AD3C646D-0C3B-4183-8366-241F6F9F2904}.Release|iPhoneSimulator.Build.0 = Release|Any CPU
		{AD3C646D-0C3B-4183-8366-241F6F9F2904}.Release|Mixed Platforms.ActiveCfg = Release|Any CPU
		{AD3C646D-0C3B-4183-8366-241F6F9F2904}.Release|Mixed Platforms.Build.0 = Release|Any CPU
		{AD3C646D-0C3B-4183-8366-241F6F9F2904}.Release|x86.ActiveCfg = Release|Any CPU
		{30FE4ACE-5A80-4BD0-832F-E0D3894C58C4}.Ad-Hoc|Any CPU.ActiveCfg = Ad-Hoc|iPhone
		{30FE4ACE-5A80-4BD0-832F-E0D3894C58C4}.Ad-Hoc|ARM.ActiveCfg = Ad-Hoc|iPhone
		{30FE4ACE-5A80-4BD0-832F-E0D3894C58C4}.Ad-Hoc|iPhone.ActiveCfg = Ad-Hoc|iPhone
		{30FE4ACE-5A80-4BD0-832F-E0D3894C58C4}.Ad-Hoc|iPhone.Build.0 = Ad-Hoc|iPhone
		{30FE4ACE-5A80-4BD0-832F-E0D3894C58C4}.Ad-Hoc|iPhoneSimulator.ActiveCfg = Ad-Hoc|iPhoneSimulator
		{30FE4ACE-5A80-4BD0-832F-E0D3894C58C4}.Ad-Hoc|iPhoneSimulator.Build.0 = Ad-Hoc|iPhoneSimulator
		{30FE4ACE-5A80-4BD0-832F-E0D3894C58C4}.Ad-Hoc|Mixed Platforms.ActiveCfg = Ad-Hoc|iPhone
		{30FE4ACE-5A80-4BD0-832F-E0D3894C58C4}.Ad-Hoc|Mixed Platforms.Build.0 = Ad-Hoc|iPhone
		{30FE4ACE-5A80-4BD0-832F-E0D3894C58C4}.Ad-Hoc|x86.ActiveCfg = Ad-Hoc|iPhone
		{30FE4ACE-5A80-4BD0-832F-E0D3894C58C4}.AppStore|Any CPU.ActiveCfg = AppStore|iPhone
		{30FE4ACE-5A80-4BD0-832F-E0D3894C58C4}.AppStore|ARM.ActiveCfg = AppStore|iPhone
		{30FE4ACE-5A80-4BD0-832F-E0D3894C58C4}.AppStore|iPhone.ActiveCfg = AppStore|iPhone
		{30FE4ACE-5A80-4BD0-832F-E0D3894C58C4}.AppStore|iPhone.Build.0 = AppStore|iPhone
		{30FE4ACE-5A80-4BD0-832F-E0D3894C58C4}.AppStore|iPhoneSimulator.ActiveCfg = AppStore|iPhoneSimulator
		{30FE4ACE-5A80-4BD0-832F-E0D3894C58C4}.AppStore|iPhoneSimulator.Build.0 = AppStore|iPhoneSimulator
		{30FE4ACE-5A80-4BD0-832F-E0D3894C58C4}.AppStore|Mixed Platforms.ActiveCfg = AppStore|iPhone
		{30FE4ACE-5A80-4BD0-832F-E0D3894C58C4}.AppStore|Mixed Platforms.Build.0 = AppStore|iPhone
		{30FE4ACE-5A80-4BD0-832F-E0D3894C58C4}.AppStore|x86.ActiveCfg = AppStore|iPhone
		{30FE4ACE-5A80-4BD0-832F-E0D3894C58C4}.Debug|Any CPU.ActiveCfg = Debug|iPhone
		{30FE4ACE-5A80-4BD0-832F-E0D3894C58C4}.Debug|ARM.ActiveCfg = Debug|iPhone
		{30FE4ACE-5A80-4BD0-832F-E0D3894C58C4}.Debug|iPhone.ActiveCfg = Debug|iPhone
		{30FE4ACE-5A80-4BD0-832F-E0D3894C58C4}.Debug|iPhone.Build.0 = Debug|iPhone
		{30FE4ACE-5A80-4BD0-832F-E0D3894C58C4}.Debug|iPhoneSimulator.ActiveCfg = Debug|iPhoneSimulator
		{30FE4ACE-5A80-4BD0-832F-E0D3894C58C4}.Debug|iPhoneSimulator.Build.0 = Debug|iPhoneSimulator
		{30FE4ACE-5A80-4BD0-832F-E0D3894C58C4}.Debug|Mixed Platforms.ActiveCfg = Debug|iPhone
		{30FE4ACE-5A80-4BD0-832F-E0D3894C58C4}.Debug|Mixed Platforms.Build.0 = Debug|iPhone
		{30FE4ACE-5A80-4BD0-832F-E0D3894C58C4}.Debug|x86.ActiveCfg = Debug|iPhone
		{30FE4ACE-5A80-4BD0-832F-E0D3894C58C4}.Release|Any CPU.ActiveCfg = Release|iPhone
		{30FE4ACE-5A80-4BD0-832F-E0D3894C58C4}.Release|ARM.ActiveCfg = Release|iPhone
		{30FE4ACE-5A80-4BD0-832F-E0D3894C58C4}.Release|iPhone.ActiveCfg = Release|iPhone
		{30FE4ACE-5A80-4BD0-832F-E0D3894C58C4}.Release|iPhone.Build.0 = Release|iPhone
		{30FE4ACE-5A80-4BD0-832F-E0D3894C58C4}.Release|iPhoneSimulator.ActiveCfg = Release|iPhoneSimulator
		{30FE4ACE-5A80-4BD0-832F-E0D3894C58C4}.Release|iPhoneSimulator.Build.0 = Release|iPhoneSimulator
		{30FE4ACE-5A80-4BD0-832F-E0D3894C58C4}.Release|Mixed Platforms.ActiveCfg = Release|iPhone
		{30FE4ACE-5A80-4BD0-832F-E0D3894C58C4}.Release|Mixed Platforms.Build.0 = Release|iPhone
		{30FE4ACE-5A80-4BD0-832F-E0D3894C58C4}.Release|x86.ActiveCfg = Release|iPhone
		{7C6959D6-1C57-401E-B0AC-EFEBF2704B53}.Ad-Hoc|Any CPU.ActiveCfg = Release|Any CPU
		{7C6959D6-1C57-401E-B0AC-EFEBF2704B53}.Ad-Hoc|Any CPU.Build.0 = Release|Any CPU
		{7C6959D6-1C57-401E-B0AC-EFEBF2704B53}.Ad-Hoc|Any CPU.Deploy.0 = Release|Any CPU
		{7C6959D6-1C57-401E-B0AC-EFEBF2704B53}.Ad-Hoc|ARM.ActiveCfg = Release|Any CPU
		{7C6959D6-1C57-401E-B0AC-EFEBF2704B53}.Ad-Hoc|iPhone.ActiveCfg = Release|Any CPU
		{7C6959D6-1C57-401E-B0AC-EFEBF2704B53}.Ad-Hoc|iPhoneSimulator.ActiveCfg = Release|Any CPU
		{7C6959D6-1C57-401E-B0AC-EFEBF2704B53}.Ad-Hoc|Mixed Platforms.ActiveCfg = Release|Any CPU
		{7C6959D6-1C57-401E-B0AC-EFEBF2704B53}.Ad-Hoc|Mixed Platforms.Build.0 = Release|Any CPU
		{7C6959D6-1C57-401E-B0AC-EFEBF2704B53}.Ad-Hoc|Mixed Platforms.Deploy.0 = Release|Any CPU
		{7C6959D6-1C57-401E-B0AC-EFEBF2704B53}.Ad-Hoc|x86.ActiveCfg = Release|Any CPU
		{7C6959D6-1C57-401E-B0AC-EFEBF2704B53}.AppStore|Any CPU.ActiveCfg = Release|Any CPU
		{7C6959D6-1C57-401E-B0AC-EFEBF2704B53}.AppStore|Any CPU.Build.0 = Release|Any CPU
		{7C6959D6-1C57-401E-B0AC-EFEBF2704B53}.AppStore|Any CPU.Deploy.0 = Release|Any CPU
		{7C6959D6-1C57-401E-B0AC-EFEBF2704B53}.AppStore|ARM.ActiveCfg = Release|Any CPU
		{7C6959D6-1C57-401E-B0AC-EFEBF2704B53}.AppStore|iPhone.ActiveCfg = Release|Any CPU
		{7C6959D6-1C57-401E-B0AC-EFEBF2704B53}.AppStore|iPhoneSimulator.ActiveCfg = Release|Any CPU
		{7C6959D6-1C57-401E-B0AC-EFEBF2704B53}.AppStore|Mixed Platforms.ActiveCfg = Release|Any CPU
		{7C6959D6-1C57-401E-B0AC-EFEBF2704B53}.AppStore|Mixed Platforms.Build.0 = Release|Any CPU
		{7C6959D6-1C57-401E-B0AC-EFEBF2704B53}.AppStore|Mixed Platforms.Deploy.0 = Release|Any CPU
		{7C6959D6-1C57-401E-B0AC-EFEBF2704B53}.AppStore|x86.ActiveCfg = Release|Any CPU
		{7C6959D6-1C57-401E-B0AC-EFEBF2704B53}.Debug|Any CPU.ActiveCfg = Debug|Any CPU
		{7C6959D6-1C57-401E-B0AC-EFEBF2704B53}.Debug|Any CPU.Build.0 = Debug|Any CPU
		{7C6959D6-1C57-401E-B0AC-EFEBF2704B53}.Debug|Any CPU.Deploy.0 = Debug|Any CPU
		{7C6959D6-1C57-401E-B0AC-EFEBF2704B53}.Debug|ARM.ActiveCfg = Debug|Any CPU
		{7C6959D6-1C57-401E-B0AC-EFEBF2704B53}.Debug|iPhone.ActiveCfg = Debug|Any CPU
		{7C6959D6-1C57-401E-B0AC-EFEBF2704B53}.Debug|iPhoneSimulator.ActiveCfg = Debug|Any CPU
		{7C6959D6-1C57-401E-B0AC-EFEBF2704B53}.Debug|Mixed Platforms.ActiveCfg = Debug|Any CPU
		{7C6959D6-1C57-401E-B0AC-EFEBF2704B53}.Debug|Mixed Platforms.Build.0 = Debug|Any CPU
		{7C6959D6-1C57-401E-B0AC-EFEBF2704B53}.Debug|Mixed Platforms.Deploy.0 = Debug|Any CPU
		{7C6959D6-1C57-401E-B0AC-EFEBF2704B53}.Debug|x86.ActiveCfg = Debug|Any CPU
		{7C6959D6-1C57-401E-B0AC-EFEBF2704B53}.Release|Any CPU.ActiveCfg = Release|Any CPU
		{7C6959D6-1C57-401E-B0AC-EFEBF2704B53}.Release|Any CPU.Build.0 = Release|Any CPU
		{7C6959D6-1C57-401E-B0AC-EFEBF2704B53}.Release|Any CPU.Deploy.0 = Release|Any CPU
		{7C6959D6-1C57-401E-B0AC-EFEBF2704B53}.Release|ARM.ActiveCfg = Release|Any CPU
		{7C6959D6-1C57-401E-B0AC-EFEBF2704B53}.Release|iPhone.ActiveCfg = Release|Any CPU
		{7C6959D6-1C57-401E-B0AC-EFEBF2704B53}.Release|iPhoneSimulator.ActiveCfg = Release|Any CPU
		{7C6959D6-1C57-401E-B0AC-EFEBF2704B53}.Release|Mixed Platforms.ActiveCfg = Release|Any CPU
		{7C6959D6-1C57-401E-B0AC-EFEBF2704B53}.Release|Mixed Platforms.Build.0 = Release|Any CPU
		{7C6959D6-1C57-401E-B0AC-EFEBF2704B53}.Release|Mixed Platforms.Deploy.0 = Release|Any CPU
		{7C6959D6-1C57-401E-B0AC-EFEBF2704B53}.Release|x86.ActiveCfg = Release|Any CPU
		{9FF03912-5CB6-43F0-B52E-292536093005}.Ad-Hoc|Any CPU.ActiveCfg = Release|Any CPU
		{9FF03912-5CB6-43F0-B52E-292536093005}.Ad-Hoc|Any CPU.Build.0 = Release|Any CPU
		{9FF03912-5CB6-43F0-B52E-292536093005}.Ad-Hoc|Any CPU.Deploy.0 = Release|Any CPU
		{9FF03912-5CB6-43F0-B52E-292536093005}.Ad-Hoc|ARM.ActiveCfg = Release|ARM
		{9FF03912-5CB6-43F0-B52E-292536093005}.Ad-Hoc|ARM.Build.0 = Release|ARM
		{9FF03912-5CB6-43F0-B52E-292536093005}.Ad-Hoc|ARM.Deploy.0 = Release|ARM
		{9FF03912-5CB6-43F0-B52E-292536093005}.Ad-Hoc|iPhone.ActiveCfg = Release|Any CPU
		{9FF03912-5CB6-43F0-B52E-292536093005}.Ad-Hoc|iPhoneSimulator.ActiveCfg = Release|Any CPU
		{9FF03912-5CB6-43F0-B52E-292536093005}.Ad-Hoc|Mixed Platforms.ActiveCfg = Release|x86
		{9FF03912-5CB6-43F0-B52E-292536093005}.Ad-Hoc|Mixed Platforms.Build.0 = Release|x86
		{9FF03912-5CB6-43F0-B52E-292536093005}.Ad-Hoc|Mixed Platforms.Deploy.0 = Release|x86
		{9FF03912-5CB6-43F0-B52E-292536093005}.Ad-Hoc|x86.ActiveCfg = Release|x86
		{9FF03912-5CB6-43F0-B52E-292536093005}.Ad-Hoc|x86.Build.0 = Release|x86
		{9FF03912-5CB6-43F0-B52E-292536093005}.Ad-Hoc|x86.Deploy.0 = Release|x86
		{9FF03912-5CB6-43F0-B52E-292536093005}.AppStore|Any CPU.ActiveCfg = Release|Any CPU
		{9FF03912-5CB6-43F0-B52E-292536093005}.AppStore|Any CPU.Build.0 = Release|Any CPU
		{9FF03912-5CB6-43F0-B52E-292536093005}.AppStore|Any CPU.Deploy.0 = Release|Any CPU
		{9FF03912-5CB6-43F0-B52E-292536093005}.AppStore|ARM.ActiveCfg = Release|ARM
		{9FF03912-5CB6-43F0-B52E-292536093005}.AppStore|ARM.Build.0 = Release|ARM
		{9FF03912-5CB6-43F0-B52E-292536093005}.AppStore|ARM.Deploy.0 = Release|ARM
		{9FF03912-5CB6-43F0-B52E-292536093005}.AppStore|iPhone.ActiveCfg = Release|Any CPU
		{9FF03912-5CB6-43F0-B52E-292536093005}.AppStore|iPhoneSimulator.ActiveCfg = Release|Any CPU
		{9FF03912-5CB6-43F0-B52E-292536093005}.AppStore|Mixed Platforms.ActiveCfg = Release|x86
		{9FF03912-5CB6-43F0-B52E-292536093005}.AppStore|Mixed Platforms.Build.0 = Release|x86
		{9FF03912-5CB6-43F0-B52E-292536093005}.AppStore|Mixed Platforms.Deploy.0 = Release|x86
		{9FF03912-5CB6-43F0-B52E-292536093005}.AppStore|x86.ActiveCfg = Release|x86
		{9FF03912-5CB6-43F0-B52E-292536093005}.AppStore|x86.Build.0 = Release|x86
		{9FF03912-5CB6-43F0-B52E-292536093005}.AppStore|x86.Deploy.0 = Release|x86
		{9FF03912-5CB6-43F0-B52E-292536093005}.Debug|Any CPU.ActiveCfg = Debug|Any CPU
		{9FF03912-5CB6-43F0-B52E-292536093005}.Debug|Any CPU.Build.0 = Debug|Any CPU
		{9FF03912-5CB6-43F0-B52E-292536093005}.Debug|Any CPU.Deploy.0 = Debug|Any CPU
		{9FF03912-5CB6-43F0-B52E-292536093005}.Debug|ARM.ActiveCfg = Debug|ARM
		{9FF03912-5CB6-43F0-B52E-292536093005}.Debug|ARM.Build.0 = Debug|ARM
		{9FF03912-5CB6-43F0-B52E-292536093005}.Debug|ARM.Deploy.0 = Debug|ARM
		{9FF03912-5CB6-43F0-B52E-292536093005}.Debug|iPhone.ActiveCfg = Debug|Any CPU
		{9FF03912-5CB6-43F0-B52E-292536093005}.Debug|iPhoneSimulator.ActiveCfg = Debug|Any CPU
		{9FF03912-5CB6-43F0-B52E-292536093005}.Debug|Mixed Platforms.ActiveCfg = Debug|x86
		{9FF03912-5CB6-43F0-B52E-292536093005}.Debug|Mixed Platforms.Build.0 = Debug|x86
		{9FF03912-5CB6-43F0-B52E-292536093005}.Debug|Mixed Platforms.Deploy.0 = Debug|x86
		{9FF03912-5CB6-43F0-B52E-292536093005}.Debug|x86.ActiveCfg = Debug|x86
		{9FF03912-5CB6-43F0-B52E-292536093005}.Debug|x86.Build.0 = Debug|x86
		{9FF03912-5CB6-43F0-B52E-292536093005}.Debug|x86.Deploy.0 = Debug|x86
		{9FF03912-5CB6-43F0-B52E-292536093005}.Release|Any CPU.ActiveCfg = Release|Any CPU
		{9FF03912-5CB6-43F0-B52E-292536093005}.Release|Any CPU.Build.0 = Release|Any CPU
		{9FF03912-5CB6-43F0-B52E-292536093005}.Release|Any CPU.Deploy.0 = Release|Any CPU
		{9FF03912-5CB6-43F0-B52E-292536093005}.Release|ARM.ActiveCfg = Release|ARM
		{9FF03912-5CB6-43F0-B52E-292536093005}.Release|ARM.Build.0 = Release|ARM
		{9FF03912-5CB6-43F0-B52E-292536093005}.Release|ARM.Deploy.0 = Release|ARM
		{9FF03912-5CB6-43F0-B52E-292536093005}.Release|iPhone.ActiveCfg = Release|Any CPU
		{9FF03912-5CB6-43F0-B52E-292536093005}.Release|iPhoneSimulator.ActiveCfg = Release|Any CPU
		{9FF03912-5CB6-43F0-B52E-292536093005}.Release|Mixed Platforms.ActiveCfg = Release|x86
		{9FF03912-5CB6-43F0-B52E-292536093005}.Release|Mixed Platforms.Build.0 = Release|x86
		{9FF03912-5CB6-43F0-B52E-292536093005}.Release|Mixed Platforms.Deploy.0 = Release|x86
		{9FF03912-5CB6-43F0-B52E-292536093005}.Release|x86.ActiveCfg = Release|x86
		{9FF03912-5CB6-43F0-B52E-292536093005}.Release|x86.Build.0 = Release|x86
		{9FF03912-5CB6-43F0-B52E-292536093005}.Release|x86.Deploy.0 = Release|x86
		{FBBB0842-572E-4EE8-AC4E-520DDC4FE7A7}.Ad-Hoc|Any CPU.ActiveCfg = Release|Any CPU
		{FBBB0842-572E-4EE8-AC4E-520DDC4FE7A7}.Ad-Hoc|Any CPU.Build.0 = Release|Any CPU
		{FBBB0842-572E-4EE8-AC4E-520DDC4FE7A7}.Ad-Hoc|ARM.ActiveCfg = Release|ARM
		{FBBB0842-572E-4EE8-AC4E-520DDC4FE7A7}.Ad-Hoc|ARM.Build.0 = Release|ARM
		{FBBB0842-572E-4EE8-AC4E-520DDC4FE7A7}.Ad-Hoc|iPhone.ActiveCfg = Release|Any CPU
		{FBBB0842-572E-4EE8-AC4E-520DDC4FE7A7}.Ad-Hoc|iPhoneSimulator.ActiveCfg = Release|Any CPU
		{FBBB0842-572E-4EE8-AC4E-520DDC4FE7A7}.Ad-Hoc|Mixed Platforms.ActiveCfg = Release|x86
		{FBBB0842-572E-4EE8-AC4E-520DDC4FE7A7}.Ad-Hoc|Mixed Platforms.Build.0 = Release|x86
		{FBBB0842-572E-4EE8-AC4E-520DDC4FE7A7}.Ad-Hoc|x86.ActiveCfg = Release|x86
		{FBBB0842-572E-4EE8-AC4E-520DDC4FE7A7}.Ad-Hoc|x86.Build.0 = Release|x86
		{FBBB0842-572E-4EE8-AC4E-520DDC4FE7A7}.AppStore|Any CPU.ActiveCfg = Release|Any CPU
		{FBBB0842-572E-4EE8-AC4E-520DDC4FE7A7}.AppStore|Any CPU.Build.0 = Release|Any CPU
		{FBBB0842-572E-4EE8-AC4E-520DDC4FE7A7}.AppStore|ARM.ActiveCfg = Release|ARM
		{FBBB0842-572E-4EE8-AC4E-520DDC4FE7A7}.AppStore|ARM.Build.0 = Release|ARM
		{FBBB0842-572E-4EE8-AC4E-520DDC4FE7A7}.AppStore|iPhone.ActiveCfg = Release|Any CPU
		{FBBB0842-572E-4EE8-AC4E-520DDC4FE7A7}.AppStore|iPhoneSimulator.ActiveCfg = Release|Any CPU
		{FBBB0842-572E-4EE8-AC4E-520DDC4FE7A7}.AppStore|Mixed Platforms.ActiveCfg = Release|x86
		{FBBB0842-572E-4EE8-AC4E-520DDC4FE7A7}.AppStore|Mixed Platforms.Build.0 = Release|x86
		{FBBB0842-572E-4EE8-AC4E-520DDC4FE7A7}.AppStore|x86.ActiveCfg = Release|x86
		{FBBB0842-572E-4EE8-AC4E-520DDC4FE7A7}.AppStore|x86.Build.0 = Release|x86
		{FBBB0842-572E-4EE8-AC4E-520DDC4FE7A7}.Debug|Any CPU.ActiveCfg = Debug|Any CPU
		{FBBB0842-572E-4EE8-AC4E-520DDC4FE7A7}.Debug|Any CPU.Build.0 = Debug|Any CPU
		{FBBB0842-572E-4EE8-AC4E-520DDC4FE7A7}.Debug|ARM.ActiveCfg = Debug|ARM
		{FBBB0842-572E-4EE8-AC4E-520DDC4FE7A7}.Debug|ARM.Build.0 = Debug|ARM
		{FBBB0842-572E-4EE8-AC4E-520DDC4FE7A7}.Debug|iPhone.ActiveCfg = Debug|Any CPU
		{FBBB0842-572E-4EE8-AC4E-520DDC4FE7A7}.Debug|iPhoneSimulator.ActiveCfg = Debug|Any CPU
		{FBBB0842-572E-4EE8-AC4E-520DDC4FE7A7}.Debug|Mixed Platforms.ActiveCfg = Debug|x86
		{FBBB0842-572E-4EE8-AC4E-520DDC4FE7A7}.Debug|Mixed Platforms.Build.0 = Debug|x86
		{FBBB0842-572E-4EE8-AC4E-520DDC4FE7A7}.Debug|x86.ActiveCfg = Debug|x86
		{FBBB0842-572E-4EE8-AC4E-520DDC4FE7A7}.Debug|x86.Build.0 = Debug|x86
		{FBBB0842-572E-4EE8-AC4E-520DDC4FE7A7}.Release|Any CPU.ActiveCfg = Release|Any CPU
		{FBBB0842-572E-4EE8-AC4E-520DDC4FE7A7}.Release|Any CPU.Build.0 = Release|Any CPU
		{FBBB0842-572E-4EE8-AC4E-520DDC4FE7A7}.Release|ARM.ActiveCfg = Release|ARM
		{FBBB0842-572E-4EE8-AC4E-520DDC4FE7A7}.Release|ARM.Build.0 = Release|ARM
		{FBBB0842-572E-4EE8-AC4E-520DDC4FE7A7}.Release|iPhone.ActiveCfg = Release|Any CPU
		{FBBB0842-572E-4EE8-AC4E-520DDC4FE7A7}.Release|iPhoneSimulator.ActiveCfg = Release|Any CPU
		{FBBB0842-572E-4EE8-AC4E-520DDC4FE7A7}.Release|Mixed Platforms.ActiveCfg = Release|x86
		{FBBB0842-572E-4EE8-AC4E-520DDC4FE7A7}.Release|Mixed Platforms.Build.0 = Release|x86
		{FBBB0842-572E-4EE8-AC4E-520DDC4FE7A7}.Release|x86.ActiveCfg = Release|x86
		{FBBB0842-572E-4EE8-AC4E-520DDC4FE7A7}.Release|x86.Build.0 = Release|x86
		{21CBEA92-614E-401F-8FB8-18ADF19920DB}.Ad-Hoc|Any CPU.ActiveCfg = Release|Any CPU
		{21CBEA92-614E-401F-8FB8-18ADF19920DB}.Ad-Hoc|Any CPU.Build.0 = Release|Any CPU
		{21CBEA92-614E-401F-8FB8-18ADF19920DB}.Ad-Hoc|ARM.ActiveCfg = Release|Any CPU
		{21CBEA92-614E-401F-8FB8-18ADF19920DB}.Ad-Hoc|iPhone.ActiveCfg = Release|Any CPU
		{21CBEA92-614E-401F-8FB8-18ADF19920DB}.Ad-Hoc|iPhoneSimulator.ActiveCfg = Release|Any CPU
		{21CBEA92-614E-401F-8FB8-18ADF19920DB}.Ad-Hoc|Mixed Platforms.ActiveCfg = Release|Any CPU
		{21CBEA92-614E-401F-8FB8-18ADF19920DB}.Ad-Hoc|Mixed Platforms.Build.0 = Release|Any CPU
		{21CBEA92-614E-401F-8FB8-18ADF19920DB}.Ad-Hoc|x86.ActiveCfg = Release|Any CPU
		{21CBEA92-614E-401F-8FB8-18ADF19920DB}.AppStore|Any CPU.ActiveCfg = Release|Any CPU
		{21CBEA92-614E-401F-8FB8-18ADF19920DB}.AppStore|Any CPU.Build.0 = Release|Any CPU
		{21CBEA92-614E-401F-8FB8-18ADF19920DB}.AppStore|ARM.ActiveCfg = Release|Any CPU
		{21CBEA92-614E-401F-8FB8-18ADF19920DB}.AppStore|iPhone.ActiveCfg = Release|Any CPU
		{21CBEA92-614E-401F-8FB8-18ADF19920DB}.AppStore|iPhoneSimulator.ActiveCfg = Release|Any CPU
		{21CBEA92-614E-401F-8FB8-18ADF19920DB}.AppStore|Mixed Platforms.ActiveCfg = Release|Any CPU
		{21CBEA92-614E-401F-8FB8-18ADF19920DB}.AppStore|Mixed Platforms.Build.0 = Release|Any CPU
		{21CBEA92-614E-401F-8FB8-18ADF19920DB}.AppStore|x86.ActiveCfg = Release|Any CPU
		{21CBEA92-614E-401F-8FB8-18ADF19920DB}.Debug|Any CPU.ActiveCfg = Debug|Any CPU
		{21CBEA92-614E-401F-8FB8-18ADF19920DB}.Debug|Any CPU.Build.0 = Debug|Any CPU
		{21CBEA92-614E-401F-8FB8-18ADF19920DB}.Debug|ARM.ActiveCfg = Debug|Any CPU
		{21CBEA92-614E-401F-8FB8-18ADF19920DB}.Debug|iPhone.ActiveCfg = Debug|Any CPU
		{21CBEA92-614E-401F-8FB8-18ADF19920DB}.Debug|iPhoneSimulator.ActiveCfg = Debug|Any CPU
		{21CBEA92-614E-401F-8FB8-18ADF19920DB}.Debug|Mixed Platforms.ActiveCfg = Debug|Any CPU
		{21CBEA92-614E-401F-8FB8-18ADF19920DB}.Debug|Mixed Platforms.Build.0 = Debug|Any CPU
		{21CBEA92-614E-401F-8FB8-18ADF19920DB}.Debug|x86.ActiveCfg = Debug|Any CPU
		{21CBEA92-614E-401F-8FB8-18ADF19920DB}.Release|Any CPU.ActiveCfg = Release|Any CPU
		{21CBEA92-614E-401F-8FB8-18ADF19920DB}.Release|Any CPU.Build.0 = Release|Any CPU
		{21CBEA92-614E-401F-8FB8-18ADF19920DB}.Release|ARM.ActiveCfg = Release|Any CPU
		{21CBEA92-614E-401F-8FB8-18ADF19920DB}.Release|iPhone.ActiveCfg = Release|Any CPU
		{21CBEA92-614E-401F-8FB8-18ADF19920DB}.Release|iPhoneSimulator.ActiveCfg = Release|Any CPU
		{21CBEA92-614E-401F-8FB8-18ADF19920DB}.Release|Mixed Platforms.ActiveCfg = Release|Any CPU
		{21CBEA92-614E-401F-8FB8-18ADF19920DB}.Release|Mixed Platforms.Build.0 = Release|Any CPU
		{21CBEA92-614E-401F-8FB8-18ADF19920DB}.Release|x86.ActiveCfg = Release|Any CPU
	EndGlobalSection
	GlobalSection(SolutionProperties) = preSolution
		HideSolutionNode = FALSE
	EndGlobalSection
	GlobalSection(NestedProjects) = preSolution
		{AD3C646D-0C3B-4183-8366-241F6F9F2904} = {37C24265-4452-47D4-BF78-E5E180E3FB93}
		{30FE4ACE-5A80-4BD0-832F-E0D3894C58C4} = {37C24265-4452-47D4-BF78-E5E180E3FB93}
		{7C6959D6-1C57-401E-B0AC-EFEBF2704B53} = {37C24265-4452-47D4-BF78-E5E180E3FB93}
		{9FF03912-5CB6-43F0-B52E-292536093005} = {37C24265-4452-47D4-BF78-E5E180E3FB93}
	EndGlobalSection
EndGlobal
